
Microsoft Visual Studio Solution File, Format Version 12.00
# Visual Studio Version 17
VisualStudioVersion = 17.3.32922.545
MinimumVisualStudioVersion = 10.0.40219.1
Project("{9A19103F-16F7-4668-BE54-9A1E7A4F7556}") = "TaskForInterview", "TaskForInterview\TaskForInterview.csproj", "{8561AB0A-3103-4A41-BCA7-8122636FC3E2}"
EndProject
Project("{9A19103F-16F7-4668-BE54-9A1E7A4F7556}") = "TaskForInterview.Tests", "TaskForInterview.Tests\TaskForInterview.Tests.csproj", "{70C25809-5272-4595-B199-A3AEAC16292A}"
	ProjectSection(ProjectDependencies) = postProject
		{8561AB0A-3103-4A41-BCA7-8122636FC3E2} = {8561AB0A-3103-4A41-BCA7-8122636FC3E2}
	EndProjectSection
EndProject
Global
	GlobalSection(SolutionConfigurationPlatforms) = preSolution
		Debug|Any CPU = Debug|Any CPU
		Release|Any CPU = Release|Any CPU
	EndGlobalSection
	GlobalSection(ProjectConfigurationPlatforms) = postSolution
		{8561AB0A-3103-4A41-BCA7-8122636FC3E2}.Debug|Any CPU.ActiveCfg = Debug|Any CPU
		{8561AB0A-3103-4A41-BCA7-8122636FC3E2}.Debug|Any CPU.Build.0 = Debug|Any CPU
		{8561AB0A-3103-4A41-BCA7-8122636FC3E2}.Release|Any CPU.ActiveCfg = Release|Any CPU
		{8561AB0A-3103-4A41-BCA7-8122636FC3E2}.Release|Any CPU.Build.0 = Release|Any CPU
		{70C25809-5272-4595-B199-A3AEAC16292A}.Debug|Any CPU.ActiveCfg = Debug|Any CPU
		{70C25809-5272-4595-B199-A3AEAC16292A}.Debug|Any CPU.Build.0 = Debug|Any CPU
		{70C25809-5272-4595-B199-A3AEAC16292A}.Release|Any CPU.ActiveCfg = Release|Any CPU
		{70C25809-5272-4595-B199-A3AEAC16292A}.Release|Any CPU.Build.0 = Release|Any CPU
	EndGlobalSection
	GlobalSection(SolutionProperties) = preSolution
		HideSolutionNode = FALSE
	EndGlobalSection
	GlobalSection(ExtensibilityGlobals) = postSolution
		SolutionGuid = {58A9E190-022B-493D-8265-C1AC7794FB74}
	EndGlobalSection
EndGlobal
